
Microsoft Visual Studio Solution File, Format Version 12.00
# Visual Studio Version 17
VisualStudioVersion = 17.14.37328.6
MinimumVisualStudioVersion = 10.0.40219.1
Project("{FAE04EC0-301F-11D3-BF4B-00C04F79EFBC}") = "RoadReady.API", "RoadReady.API.csproj", "{1C0B8259-4021-4CB3-A5B9-EB39523C28BB}"
EndProject
Project("{FAE04EC0-301F-11D3-BF4B-00C04F79EFBC}") = "Road_Ready_Tests", "..\Road_Ready_Tests\Road_Ready_Tests.csproj", "{02C6E4CE-DB55-45BF-BFB4-803102EF0603}"
EndProject
Global
	GlobalSection(SolutionConfigurationPlatforms) = preSolution
		Debug|Any CPU = Debug|Any CPU
		Release|Any CPU = Release|Any CPU
	EndGlobalSection
	GlobalSection(ProjectConfigurationPlatforms) = postSolution
		{1C0B8259-4021-4CB3-A5B9-EB39523C28BB}.Debug|Any CPU.ActiveCfg = Debug|Any CPU
		{1C0B8259-4021-4CB3-A5B9-EB39523C28BB}.Debug|Any CPU.Build.0 = Debug|Any CPU
		{1C0B8259-4021-4CB3-A5B9-EB39523C28BB}.Release|Any CPU.ActiveCfg = Release|Any CPU
		{1C0B8259-4021-4CB3-A5B9-EB39523C28BB}.Release|Any CPU.Build.0 = Release|Any CPU
		{02C6E4CE-DB55-45BF-BFB4-803102EF0603}.Debug|Any CPU.ActiveCfg = Debug|Any CPU
		{02C6E4CE-DB55-45BF-BFB4-803102EF0603}.Debug|Any CPU.Build.0 = Debug|Any CPU
		{02C6E4CE-DB55-45BF-BFB4-803102EF0603}.Release|Any CPU.ActiveCfg = Release|Any CPU
		{02C6E4CE-DB55-45BF-BFB4-803102EF0603}.Release|Any CPU.Build.0 = Release|Any CPU
	EndGlobalSection
	GlobalSection(SolutionProperties) = preSolution
		HideSolutionNode = FALSE
	EndGlobalSection
	GlobalSection(ExtensibilityGlobals) = postSolution
		SolutionGuid = {EA675F64-6B66-4FA3-9AFD-7DA6BB488942}
	EndGlobalSection
EndGlobal
